
Microsoft Visual Studio Solution File, Format Version 11.00
# Visual Studio 2010
Project("{FAE04EC0-301F-11D3-BF4B-00C04F79EFBC}") = "SampleWorkerRole", "SampleWorkerRole.csproj", "{B09F631B-BDD6-47D4-834C-2B063F4717F3}"
EndProject
Project("{FAE04EC0-301F-11D3-BF4B-00C04F79EFBC}") = "SampleWorkerRoleDependency", "SampleWorkerRoleDependency\SampleWorkerRoleDependency.csproj", "{C62DD758-E026-4218-86B8-D9F9A59B7654}"
EndProject
Global
	GlobalSection(SolutionConfigurationPlatforms) = preSolution
		Debug|Any CPU = Debug|Any CPU
		Release|Any CPU = Release|Any CPU
	EndGlobalSection
	GlobalSection(ProjectConfigurationPlatforms) = postSolution
		{B09F631B-BDD6-47D4-834C-2B063F4717F3}.Debug|Any CPU.ActiveCfg = Debug|Any CPU
		{B09F631B-BDD6-47D4-834C-2B063F4717F3}.Debug|Any CPU.Build.0 = Debug|Any CPU
		{B09F631B-BDD6-47D4-834C-2B063F4717F3}.Release|Any CPU.ActiveCfg = Release|Any CPU
		{B09F631B-BDD6-47D4-834C-2B063F4717F3}.Release|Any CPU.Build.0 = Release|Any CPU
		{C62DD758-E026-4218-86B8-D9F9A59B7654}.Debug|Any CPU.ActiveCfg = Debug|Any CPU
		{C62DD758-E026-4218-86B8-D9F9A59B7654}.Debug|Any CPU.Build.0 = Debug|Any CPU
		{C62DD758-E026-4218-86B8-D9F9A59B7654}.Release|Any CPU.ActiveCfg = Release|Any CPU
		{C62DD758-E026-4218-86B8-D9F9A59B7654}.Release|Any CPU.Build.0 = Release|Any CPU
	EndGlobalSection
	GlobalSection(SolutionProperties) = preSolution
		HideSolutionNode = FALSE
	EndGlobalSection
EndGlobal
