
Microsoft Visual Studio Solution File, Format Version 11.00
# Visual Studio 2010
Project("{CC5FD16D-436D-48AD-A40C-5A424C6E3E79}") = "WorkerRoleAccelerator.Cloud", "WorkerRoleAccelerator.Cloud\WorkerRoleAccelerator.Cloud.ccproj", "{0B118BDD-5879-475B-B4A0-E7642C86229F}"
EndProject
Project("{FAE04EC0-301F-11D3-BF4B-00C04F79EFBC}") = "WorkerRoleAccelerator.Core", "WorkerRoleAccelerator.Core\WorkerRoleAccelerator.Core.csproj", "{4A04FE1B-840A-4EF4-810A-834300F9675F}"
EndProject
Global
	GlobalSection(SolutionConfigurationPlatforms) = preSolution
		Debug|Any CPU = Debug|Any CPU
		Release|Any CPU = Release|Any CPU
	EndGlobalSection
	GlobalSection(ProjectConfigurationPlatforms) = postSolution
		{0B118BDD-5879-475B-B4A0-E7642C86229F}.Debug|Any CPU.ActiveCfg = Debug|Any CPU
		{0B118BDD-5879-475B-B4A0-E7642C86229F}.Debug|Any CPU.Build.0 = Debug|Any CPU
		{0B118BDD-5879-475B-B4A0-E7642C86229F}.Release|Any CPU.ActiveCfg = Release|Any CPU
		{0B118BDD-5879-475B-B4A0-E7642C86229F}.Release|Any CPU.Build.0 = Release|Any CPU
		{4A04FE1B-840A-4EF4-810A-834300F9675F}.Debug|Any CPU.ActiveCfg = Debug|Any CPU
		{4A04FE1B-840A-4EF4-810A-834300F9675F}.Debug|Any CPU.Build.0 = Debug|Any CPU
		{4A04FE1B-840A-4EF4-810A-834300F9675F}.Release|Any CPU.ActiveCfg = Release|Any CPU
		{4A04FE1B-840A-4EF4-810A-834300F9675F}.Release|Any CPU.Build.0 = Release|Any CPU
	EndGlobalSection
	GlobalSection(SolutionProperties) = preSolution
		HideSolutionNode = FALSE
	EndGlobalSection
EndGlobal
